// !$*UTF8*$!
{
	archiveVersion = 1;
	classes = {
	};
	objectVersion = 46;
	objects = {

/* Begin PBXBuildFile section */
		3B0919A61EC938B600ACDB78 /* still time.ttf in Resources */ = {isa = PBXBuildFile; fileRef = 3B0919A51EC938B600ACDB78 /* still time.ttf */; };
		3B2EE7D01EC14E8700A73186 /* AppDelegate.swift in Sources */ = {isa = PBXBuildFile; fileRef = 3B2EE7CF1EC14E8700A73186 /* AppDelegate.swift */; };
		3B2EE7D21EC14E8700A73186 /* MainVC.swift in Sources */ = {isa = PBXBuildFile; fileRef = 3B2EE7D11EC14E8700A73186 /* MainVC.swift */; };
		3B2EE7D51EC14E8700A73186 /* Main.storyboard in Resources */ = {isa = PBXBuildFile; fileRef = 3B2EE7D31EC14E8700A73186 /* Main.storyboard */; };
		3B2EE7D81EC14E8700A73186 /* PartyRockApp.xcdatamodeld in Sources */ = {isa = PBXBuildFile; fileRef = 3B2EE7D61EC14E8700A73186 /* PartyRockApp.xcdatamodeld */; };
		3B2EE7DA1EC14E8700A73186 /* Assets.xcassets in Resources */ = {isa = PBXBuildFile; fileRef = 3B2EE7D91EC14E8700A73186 /* Assets.xcassets */; };
		3B2EE7DD1EC14E8700A73186 /* LaunchScreen.storyboard in Resources */ = {isa = PBXBuildFile; fileRef = 3B2EE7DB1EC14E8700A73186 /* LaunchScreen.storyboard */; };
		3B2EE7E81EC14E8700A73186 /* PartyRockAppTests.swift in Sources */ = {isa = PBXBuildFile; fileRef = 3B2EE7E71EC14E8700A73186 /* PartyRockAppTests.swift */; };
/* End PBXBuildFile section */

/* Begin PBXContainerItemProxy section */
		3B2EE7E41EC14E8700A73186 /* PBXContainerItemProxy */ = {
			isa = PBXContainerItemProxy;
			containerPortal = 3B2EE7C41EC14E8700A73186 /* Project object */;
			proxyType = 1;
			remoteGlobalIDString = 3B2EE7CB1EC14E8700A73186;
			remoteInfo = PartyRockApp;
		};
/* End PBXContainerItemProxy section */

/* Begin PBXFileReference section */
		3B0919A51EC938B600ACDB78 /* still time.ttf */ = {isa = PBXFileReference; lastKnownFileType = file; path = "still time.ttf"; sourceTree = "<group>"; };
		3B2EE7CC1EC14E8700A73186 /* PartyRockApp.app */ = {isa = PBXFileReference; explicitFileType = wrapper.application; includeInIndex = 0; path = PartyRockApp.app; sourceTree = BUILT_PRODUCTS_DIR; };
		3B2EE7CF1EC14E8700A73186 /* AppDelegate.swift */ = {isa = PBXFileReference; lastKnownFileType = sourcecode.swift; path = AppDelegate.swift; sourceTree = "<group>"; };
		3B2EE7D11EC14E8700A73186 /* MainVC.swift */ = {isa = PBXFileReference; lastKnownFileType = sourcecode.swift; path = MainVC.swift; sourceTree = "<group>"; };
		3B2EE7D41EC14E8700A73186 /* Base */ = {isa = PBXFileReference; lastKnownFileType = file.storyboard; name = Base; path = Base.lproj/Main.storyboard; sourceTree = "<group>"; };
		3B2EE7D71EC14E8700A73186 /* PartyRockApp.xcdatamodel */ = {isa = PBXFileReference; lastKnownFileType = wrapper.xcdatamodel; path = PartyRockApp.xcdatamodel; sourceTree = "<group>"; };
		3B2EE7D91EC14E8700A73186 /* Assets.xcassets */ = {isa = PBXFileReference; lastKnownFileType = folder.assetcatalog; path = Assets.xcassets; sourceTree = "<group>"; };
		3B2EE7DC1EC14E8700A73186 /* Base */ = {isa = PBXFileReference; lastKnownFileType = file.storyboard; name = Base; path = Base.lproj/LaunchScreen.storyboard; sourceTree = "<group>"; };
		3B2EE7DE1EC14E8700A73186 /* Info.plist */ = {isa = PBXFileReference; lastKnownFileType = text.plist.xml; path = Info.plist; sourceTree = "<group>"; };
		3B2EE7E31EC14E8700A73186 /* PartyRockAppTests.xctest */ = {isa = PBXFileReference; explicitFileType = wrapper.cfbundle; includeInIndex = 0; path = PartyRockAppTests.xctest; sourceTree = BUILT_PRODUCTS_DIR; };
		3B2EE7E71EC14E8700A73186 /* PartyRockAppTests.swift */ = {isa = PBXFileReference; lastKnownFileType = sourcecode.swift; path = PartyRockAppTests.swift; sourceTree = "<group>"; };
		3B2EE7E91EC14E8700A73186 /* Info.plist */ = {isa = PBXFileReference; lastKnownFileType = text.plist.xml; path = Info.plist; sourceTree = "<group>"; };
/* End PBXFileReference section */

/* Begin PBXFrameworksBuildPhase section */
		3B2EE7C91EC14E8700A73186 /* Frameworks */ = {
			isa = PBXFrameworksBuildPhase;
			buildActionMask = 2147483647;
			files = (
			);
			runOnlyForDeploymentPostprocessing = 0;
		};
		3B2EE7E01EC14E8700A73186 /* Frameworks */ = {
			isa = PBXFrameworksBuildPhase;
			buildActionMask = 2147483647;
			files = (
			);
			runOnlyForDeploymentPostprocessing = 0;
		};
/* End PBXFrameworksBuildPhase section */

/* Begin PBXGroup section */
		3B0919A71EC938BF00ACDB78 /* Files */ = {
			isa = PBXGroup;
			children = (
				3B0919A51EC938B600ACDB78 /* still time.ttf */,
			);
			name = Files;
			sourceTree = "<group>";
		};
		3B2EE7C31EC14E8700A73186 = {
			isa = PBXGroup;
			children = (
				3B2EE7CE1EC14E8700A73186 /* PartyRockApp */,
				3B2EE7E61EC14E8700A73186 /* PartyRockAppTests */,
				3B2EE7CD1EC14E8700A73186 /* Products */,
			);
			sourceTree = "<group>";
		};
		3B2EE7CD1EC14E8700A73186 /* Products */ = {
			isa = PBXGroup;
			children = (
				3B2EE7CC1EC14E8700A73186 /* PartyRockApp.app */,
				3B2EE7E31EC14E8700A73186 /* PartyRockAppTests.xctest */,
			);
			name = Products;
			sourceTree = "<group>";
		};
		3B2EE7CE1EC14E8700A73186 /* PartyRockApp */ = {
			isa = PBXGroup;
			children = (
				3B0919A71EC938BF00ACDB78 /* Files */,
				3B2EE7F41EC1504600A73186 /* View */,
				3B2EE7F31EC1504300A73186 /* Model */,
				3B2EE7F21EC1503D00A73186 /* Controller */,
				3B2EE7CF1EC14E8700A73186 /* AppDelegate.swift */,
				3B2EE7D31EC14E8700A73186 /* Main.storyboard */,
				3B2EE7D91EC14E8700A73186 /* Assets.xcassets */,
				3B2EE7DB1EC14E8700A73186 /* LaunchScreen.storyboard */,
				3B2EE7DE1EC14E8700A73186 /* Info.plist */,
				3B2EE7D61EC14E8700A73186 /* PartyRockApp.xcdatamodeld */,
			);
			path = PartyRockApp;
			sourceTree = "<group>";
		};
		3B2EE7E61EC14E8700A73186 /* PartyRockAppTests */ = {
			isa = PBXGroup;
			children = (
				3B2EE7E71EC14E8700A73186 /* PartyRockAppTests.swift */,
				3B2EE7E91EC14E8700A73186 /* Info.plist */,
			);
			path = PartyRockAppTests;
			sourceTree = "<group>";
		};
		3B2EE7F21EC1503D00A73186 /* Controller */ = {
			isa = PBXGroup;
			children = (
				3B2EE7D11EC14E8700A73186 /* MainVC.swift */,
			);
			name = Controller;
			sourceTree = "<group>";
		};
		3B2EE7F31EC1504300A73186 /* Model */ = {
			isa = PBXGroup;
			children = (
			);
			name = Model;
			sourceTree = "<group>";
		};
		3B2EE7F41EC1504600A73186 /* View */ = {
			isa = PBXGroup;
			children = (
			);
			name = View;
			sourceTree = "<group>";
		};
/* End PBXGroup section */

/* Begin PBXNativeTarget section */
		3B2EE7CB1EC14E8700A73186 /* PartyRockApp */ = {
			isa = PBXNativeTarget;
			buildConfigurationList = 3B2EE7EC1EC14E8700A73186 /* Build configuration list for PBXNativeTarget "PartyRockApp" */;
			buildPhases = (
				3B2EE7C81EC14E8700A73186 /* Sources */,
				3B2EE7C91EC14E8700A73186 /* Frameworks */,
				3B2EE7CA1EC14E8700A73186 /* Resources */,
			);
			buildRules = (
			);
			dependencies = (
			);
			name = PartyRockApp;
			productName = PartyRockApp;
			productReference = 3B2EE7CC1EC14E8700A73186 /* PartyRockApp.app */;
			productType = "com.apple.product-type.application";
		};
		3B2EE7E21EC14E8700A73186 /* PartyRockAppTests */ = {
			isa = PBXNativeTarget;
			buildConfigurationList = 3B2EE7EF1EC14E8700A73186 /* Build configuration list for PBXNativeTarget "PartyRockAppTests" */;
			buildPhases = (
				3B2EE7DF1EC14E8700A73186 /* Sources */,
				3B2EE7E01EC14E8700A73186 /* Frameworks */,
				3B2EE7E11EC14E8700A73186 /* Resources */,
			);
			buildRules = (
			);
			dependencies = (
				3B2EE7E51EC14E8700A73186 /* PBXTargetDependency */,
			);
			name = PartyRockAppTests;
			productName = PartyRockAppTests;
			productReference = 3B2EE7E31EC14E8700A73186 /* PartyRockAppTests.xctest */;
			productType = "com.apple.product-type.bundle.unit-test";
		};
/* End PBXNativeTarget section */

/* Begin PBXProject section */
		3B2EE7C41EC14E8700A73186 /* Project object */ = {
			isa = PBXProject;
			attributes = {
				LastSwiftUpdateCheck = 0830;
				LastUpgradeCheck = 0830;
				ORGANIZATIONNAME = "Javier Cabezas Leyton";
				TargetAttributes = {
					3B2EE7CB1EC14E8700A73186 = {
						CreatedOnToolsVersion = 8.3.2;
						DevelopmentTeam = D92NZJZA92;
						ProvisioningStyle = Automatic;
					};
					3B2EE7E21EC14E8700A73186 = {
						CreatedOnToolsVersion = 8.3.2;
						DevelopmentTeam = D92NZJZA92;
						ProvisioningStyle = Automatic;
						TestTargetID = 3B2EE7CB1EC14E8700A73186;
					};
				};
			};
			buildConfigurationList = 3B2EE7C71EC14E8700A73186 /* Build configuration list for PBXProject "PartyRockApp" */;
			compatibilityVersion = "Xcode 3.2";
			developmentRegion = English;
			hasScannedForEncodings = 0;
			knownRegions = (
				en,
				Base,
			);
			mainGroup = 3B2EE7C31EC14E8700A73186;
			productRefGroup = 3B2EE7CD1EC14E8700A73186 /* Products */;
			projectDirPath = "";
			projectRoot = "";
			targets = (
				3B2EE7CB1EC14E8700A73186 /* PartyRockApp */,
				3B2EE7E21EC14E8700A73186 /* PartyRockAppTests */,
			);
		};
/* End PBXProject section */

/* Begin PBXResourcesBuildPhase section */
		3B2EE7CA1EC14E8700A73186 /* Resources */ = {
			isa = PBXResourcesBuildPhase;
			buildActionMask = 2147483647;
			files = (
				3B2EE7DD1EC14E8700A73186 /* LaunchScreen.storyboard in Resources */,
				3B0919A61EC938B600ACDB78 /* still time.ttf in Resources */,
				3B2EE7DA1EC14E8700A73186 /* Assets.xcassets in Resources */,
				3B2EE7D51EC14E8700A73186 /* Main.storyboard in Resources */,
			);
			runOnlyForDeploymentPostprocessing = 0;
		};
		3B2EE7E11EC14E8700A73186 /* Resources */ = {
			isa = PBXResourcesBuildPhase;
			buildActionMask = 2147483647;
			files = (
			);
			runOnlyForDeploymentPostprocessing = 0;
		};
/* End PBXResourcesBuildPhase section */

/* Begin PBXSourcesBuildPhase section */
		3B2EE7C81EC14E8700A73186 /* Sources */ = {
			isa = PBXSourcesBuildPhase;
			buildActionMask = 2147483647;
			files = (
				3B2EE7D21EC14E8700A73186 /* MainVC.swift in Sources */,
				3B2EE7D01EC14E8700A73186 /* AppDelegate.swift in Sources */,
				3B2EE7D81EC14E8700A73186 /* PartyRockApp.xcdatamodeld in Sources */,
			);
			runOnlyForDeploymentPostprocessing = 0;
		};
		3B2EE7DF1EC14E8700A73186 /* Sources */ = {
			isa = PBXSourcesBuildPhase;
			buildActionMask = 2147483647;
			files = (
				3B2EE7E81EC14E8700A73186 /* PartyRockAppTests.swift in Sources */,
			);
			runOnlyForDeploymentPostprocessing = 0;
		};
/* End PBXSourcesBuildPhase section */

/* Begin PBXTargetDependency section */
		3B2EE7E51EC14E8700A73186 /* PBXTargetDependency */ = {
			isa = PBXTargetDependency;
			target = 3B2EE7CB1EC14E8700A73186 /* PartyRockApp */;
			targetProxy = 3B2EE7E41EC14E8700A73186 /* PBXContainerItemProxy */;
		};
/* End PBXTargetDependency section */

/* Begin PBXVariantGroup section */
		3B2EE7D31EC14E8700A73186 /* Main.storyboard */ = {
			isa = PBXVariantGroup;
			children = (
				3B2EE7D41EC14E8700A73186 /* Base */,
			);
			name = Main.storyboard;
			sourceTree = "<group>";
		};
		3B2EE7DB1EC14E8700A73186 /* LaunchScreen.storyboard */ = {
			isa = PBXVariantGroup;
			children = (
				3B2EE7DC1EC14E8700A73186 /* Base */,
			);
			name = LaunchScreen.storyboard;
			sourceTree = "<group>";
		};
/* End PBXVariantGroup section */

/* Begin XCBuildConfiguration section */
		3B2EE7EA1EC14E8700A73186 /* Debug */ = {
			isa = XCBuildConfiguration;
			buildSettings = {
				ALWAYS_SEARCH_USER_PATHS = NO;
				CLANG_ANALYZER_NONNULL = YES;
				CLANG_ANALYZER_NUMBER_OBJECT_CONVERSION = YES_AGGRESSIVE;
				CLANG_CXX_LANGUAGE_STANDARD = "gnu++0x";
				CLANG_CXX_LIBRARY = "libc++";
				CLANG_ENABLE_MODULES = YES;
				CLANG_ENABLE_OBJC_ARC = YES;
				CLANG_WARN_BOOL_CONVERSION = YES;
				CLANG_WARN_CONSTANT_CONVERSION = YES;
				CLANG_WARN_DIRECT_OBJC_ISA_USAGE = YES_ERROR;
				CLANG_WARN_DOCUMENTATION_COMMENTS = YES;
				CLANG_WARN_EMPTY_BODY = YES;
				CLANG_WARN_ENUM_CONVERSION = YES;
				CLANG_WARN_INFINITE_RECURSION = YES;
				CLANG_WARN_INT_CONVERSION = YES;
				CLANG_WARN_OBJC_ROOT_CLASS = YES_ERROR;
				CLANG_WARN_SUSPICIOUS_MOVE = YES;
				CLANG_WARN_UNREACHABLE_CODE = YES;
				CLANG_WARN__DUPLICATE_METHOD_MATCH = YES;
				"CODE_SIGN_IDENTITY[sdk=iphoneos*]" = "iPhone Developer";
				COPY_PHASE_STRIP = NO;
				DEBUG_INFORMATION_FORMAT = dwarf;
				ENABLE_STRICT_OBJC_MSGSEND = YES;
				ENABLE_TESTABILITY = YES;
				GCC_C_LANGUAGE_STANDARD = gnu99;
				GCC_DYNAMIC_NO_PIC = NO;
				GCC_NO_COMMON_BLOCKS = YES;
				GCC_OPTIMIZATION_LEVEL = 0;
				GCC_PREPROCESSOR_DEFINITIONS = (
					"DEBUG=1",
					"$(inherited)",
				);
				GCC_WARN_64_TO_32_BIT_CONVERSION = YES;
				GCC_WARN_ABOUT_RETURN_TYPE = YES_ERROR;
				GCC_WARN_UNDECLARED_SELECTOR = YES;
				GCC_WARN_UNINITIALIZED_AUTOS = YES_AGGRESSIVE;
				GCC_WARN_UNUSED_FUNCTION = YES;
				GCC_WARN_UNUSED_VARIABLE = YES;
				IPHONEOS_DEPLOYMENT_TARGET = 10.3;
				MTL_ENABLE_DEBUG_INFO = YES;
				ONLY_ACTIVE_ARCH = YES;
				SDKROOT = iphoneos;
				SWIFT_ACTIVE_COMPILATION_CONDITIONS = DEBUG;
				SWIFT_OPTIMIZATION_LEVEL = "-Onone";
				TARGETED_DEVICE_FAMILY = "1,2";
			};
			name = Debug;
		};
		3B2EE7EB1EC14E8700A73186 /* Release */ = {
			isa = XCBuildConfiguration;
			buildSettings = {
				ALWAYS_SEARCH_USER_PATHS = NO;
				CLANG_ANALYZER_NONNULL = YES;
				CLANG_ANALYZER_NUMBER_OBJECT_CONVERSION = YES_AGGRESSIVE;
				CLANG_CXX_LANGUAGE_STANDARD = "gnu++0x";
				CLANG_CXX_LIBRARY = "libc++";
				CLANG_ENABLE_MODULES = YES;
				CLANG_ENABLE_OBJC_ARC = YES;
				CLANG_WARN_BOOL_CONVERSION = YES;
				CLANG_WARN_CONSTANT_CONVERSION = YES;
				CLANG_WARN_DIRECT_OBJC_ISA_USAGE = YES_ERROR;
				CLANG_WARN_DOCUMENTATION_COMMENTS = YES;
				CLANG_WARN_EMPTY_BODY = YES;
				CLANG_WARN_ENUM_CONVERSION = YES;
				CLANG_WARN_INFINITE_RECURSION = YES;
				CLANG_WARN_INT_CONVERSION = YES;
				CLANG_WARN_OBJC_ROOT_CLASS = YES_ERROR;
				CLANG_WARN_SUSPICIOUS_MOVE = YES;
				CLANG_WARN_UNREACHABLE_CODE = YES;
				CLANG_WARN__DUPLICATE_METHOD_MATCH = YES;
				"CODE_SIGN_IDENTITY[sdk=iphoneos*]" = "iPhone Developer";
				COPY_PHASE_STRIP = NO;
				DEBUG_INFORMATION_FORMAT = "dwarf-with-dsym";
				ENABLE_NS_ASSERTIONS = NO;
				ENABLE_STRICT_OBJC_MSGSEND = YES;
				GCC_C_LANGUAGE_STANDARD = gnu99;
				GCC_NO_COMMON_BLOCKS = YES;
				GCC_WARN_64_TO_32_BIT_CONVERSION = YES;
				GCC_WARN_ABOUT_RETURN_TYPE = YES_ERROR;
				GCC_WARN_UNDECLARED_SELECTOR = YES;
				GCC_WARN_UNINITIALIZED_AUTOS = YES_AGGRESSIVE;
				GCC_WARN_UNUSED_FUNCTION = YES;
				GCC_WARN_UNUSED_VARIABLE = YES;
				IPHONEOS_DEPLOYMENT_TARGET = 10.3;
				MTL_ENABLE_DEBUG_INFO = NO;
				SDKROOT = iphoneos;
				SWIFT_OPTIMIZATION_LEVEL = "-Owholemodule";
				TARGETED_DEVICE_FAMILY = "1,2";
				VALIDATE_PRODUCT = YES;
			};
			name = Release;
		};
		3B2EE7ED1EC14E8700A73186 /* Debug */ = {
			isa = XCBuildConfiguration;
			buildSettings = {
				ASSETCATALOG_COMPILER_APPICON_NAME = AppIcon;
				DEVELOPMENT_TEAM = D92NZJZA92;
				INFOPLIST_FILE = PartyRockApp/Info.plist;
				LD_RUNPATH_SEARCH_PATHS = "$(inherited) @executable_path/Frameworks";
				PRODUCT_BUNDLE_IDENTIFIER = com.javiercabezas.PartyRockApp;
				PRODUCT_NAME = "$(TARGET_NAME)";
				SWIFT_VERSION = 3.0;
			};
			name = Debug;
		};
		3B2EE7EE1EC14E8700A73186 /* Release */ = {
			isa = XCBuildConfiguration;
			buildSettings = {
				ASSETCATALOG_COMPILER_APPICON_NAME = AppIcon;
				DEVELOPMENT_TEAM = D92NZJZA92;
				INFOPLIST_FILE = PartyRockApp/Info.plist;
				LD_RUNPATH_SEARCH_PATHS = "$(inherited) @executable_path/Frameworks";
				PRODUCT_BUNDLE_IDENTIFIER = com.javiercabezas.PartyRockApp;
				PRODUCT_NAME = "$(TARGET_NAME)";
				SWIFT_VERSION = 3.0;
			};
			name = Release;
		};
		3B2EE7F01EC14E8700A73186 /* Debug */ = {
			isa = XCBuildConfiguration;
			buildSettings = {
				ALWAYS_EMBED_SWIFT_STANDARD_LIBRARIES = YES;
				BUNDLE_LOADER = "$(TEST_HOST)";
				DEVELOPMENT_TEAM = D92NZJZA92;
				INFOPLIST_FILE = PartyRockAppTests/Info.plist;
				LD_RUNPATH_SEARCH_PATHS = "$(inherited) @executable_path/Frameworks @loader_path/Frameworks";
				PRODUCT_BUNDLE_IDENTIFIER = com.javiercabezas.PartyRockAppTests;
				PRODUCT_NAME = "$(TARGET_NAME)";
				SWIFT_VERSION = 3.0;
				TEST_HOST = "$(BUILT_PRODUCTS_DIR)/PartyRockApp.app/PartyRockApp";
			};
			name = Debug;
		};
		3B2EE7F11EC14E8700A73186 /* Release */ = {
			isa = XCBuildConfiguration;
			buildSettings = {
				ALWAYS_EMBED_SWIFT_STANDARD_LIBRARIES = YES;
				BUNDLE_LOADER = "$(TEST_HOST)";
				DEVELOPMENT_TEAM = D92NZJZA92;
				INFOPLIST_FILE = PartyRockAppTests/Info.plist;
				LD_RUNPATH_SEARCH_PATHS = "$(inherited) @executable_path/Frameworks @loader_path/Frameworks";
				PRODUCT_BUNDLE_IDENTIFIER = com.javiercabezas.PartyRockAppTests;
				PRODUCT_NAME = "$(TARGET_NAME)";
				SWIFT_VERSION = 3.0;
				TEST_HOST = "$(BUILT_PRODUCTS_DIR)/PartyRockApp.app/PartyRockApp";
			};
			name = Release;
		};
/* End XCBuildConfiguration section */

/* Begin XCConfigurationList section */
		3B2EE7C71EC14E8700A73186 /* Build configuration list for PBXProject "PartyRockApp" */ = {
			isa = XCConfigurationList;
			buildConfigurations = (
				3B2EE7EA1EC14E8700A73186 /* Debug */,
				3B2EE7EB1EC14E8700A73186 /* Release */,
			);
			defaultConfigurationIsVisible = 0;
			defaultConfigurationName = Release;
		};
		3B2EE7EC1EC14E8700A73186 /* Build configuration list for PBXNativeTarget "PartyRockApp" */ = {
			isa = XCConfigurationList;
			buildConfigurations = (
				3B2EE7ED1EC14E8700A73186 /* Debug */,
				3B2EE7EE1EC14E8700A73186 /* Release */,
			);
			defaultConfigurationIsVisible = 0;
			defaultConfigurationName = Release;
		};
		3B2EE7EF1EC14E8700A73186 /* Build configuration list for PBXNativeTarget "PartyRockAppTests" */ = {
			isa = XCConfigurationList;
			buildConfigurations = (
				3B2EE7F01EC14E8700A73186 /* Debug */,
				3B2EE7F11EC14E8700A73186 /* Release */,
			);
			defaultConfigurationIsVisible = 0;
			defaultConfigurationName = Release;
		};
/* End XCConfigurationList section */

/* Begin XCVersionGroup section */
		3B2EE7D61EC14E8700A73186 /* PartyRockApp.xcdatamodeld */ = {
			isa = XCVersionGroup;
			children = (
				3B2EE7D71EC14E8700A73186 /* PartyRockApp.xcdatamodel */,
			);
			currentVersion = 3B2EE7D71EC14E8700A73186 /* PartyRockApp.xcdatamodel */;
			path = PartyRockApp.xcdatamodeld;
			sourceTree = "<group>";
			versionGroupType = wrapper.xcdatamodel;
		};
/* End XCVersionGroup section */
	};
	rootObject = 3B2EE7C41EC14E8700A73186 /* Project object */;
}
