// !$*UTF8*$!
{
	archiveVersion = 1;
	classes = {
	};
	objectVersion = 46;
	objects = {

/* Begin PBXBuildFile section */
		3BF6279A1EB76E8500197E98 /* AppDelegate.swift in Sources */ = {isa = PBXBuildFile; fileRef = 3BF627991EB76E8500197E98 /* AppDelegate.swift */; };
		3BF6279C1EB76E8500197E98 /* ViewController.swift in Sources */ = {isa = PBXBuildFile; fileRef = 3BF6279B1EB76E8500197E98 /* ViewController.swift */; };
		3BF6279F1EB76E8500197E98 /* Main.storyboard in Resources */ = {isa = PBXBuildFile; fileRef = 3BF6279D1EB76E8500197E98 /* Main.storyboard */; };
		3BF627A21EB76E8500197E98 /* stackview.xcdatamodeld in Sources */ = {isa = PBXBuildFile; fileRef = 3BF627A01EB76E8500197E98 /* stackview.xcdatamodeld */; };
		3BF627A41EB76E8500197E98 /* Assets.xcassets in Resources */ = {isa = PBXBuildFile; fileRef = 3BF627A31EB76E8500197E98 /* Assets.xcassets */; };
		3BF627A71EB76E8500197E98 /* LaunchScreen.storyboard in Resources */ = {isa = PBXBuildFile; fileRef = 3BF627A51EB76E8500197E98 /* LaunchScreen.storyboard */; };
		3BF627B21EB76E8500197E98 /* stackviewTests.swift in Sources */ = {isa = PBXBuildFile; fileRef = 3BF627B11EB76E8500197E98 /* stackviewTests.swift */; };
/* End PBXBuildFile section */

/* Begin PBXContainerItemProxy section */
		3BF627AE1EB76E8500197E98 /* PBXContainerItemProxy */ = {
			isa = PBXContainerItemProxy;
			containerPortal = 3BF6278E1EB76E8500197E98 /* Project object */;
			proxyType = 1;
			remoteGlobalIDString = 3BF627951EB76E8500197E98;
			remoteInfo = stackview;
		};
/* End PBXContainerItemProxy section */

/* Begin PBXFileReference section */
		3BF627961EB76E8500197E98 /* stackview.app */ = {isa = PBXFileReference; explicitFileType = wrapper.application; includeInIndex = 0; path = stackview.app; sourceTree = BUILT_PRODUCTS_DIR; };
		3BF627991EB76E8500197E98 /* AppDelegate.swift */ = {isa = PBXFileReference; lastKnownFileType = sourcecode.swift; path = AppDelegate.swift; sourceTree = "<group>"; };
		3BF6279B1EB76E8500197E98 /* ViewController.swift */ = {isa = PBXFileReference; lastKnownFileType = sourcecode.swift; path = ViewController.swift; sourceTree = "<group>"; };
		3BF6279E1EB76E8500197E98 /* Base */ = {isa = PBXFileReference; lastKnownFileType = file.storyboard; name = Base; path = Base.lproj/Main.storyboard; sourceTree = "<group>"; };
		3BF627A11EB76E8500197E98 /* stackview.xcdatamodel */ = {isa = PBXFileReference; lastKnownFileType = wrapper.xcdatamodel; path = stackview.xcdatamodel; sourceTree = "<group>"; };
		3BF627A31EB76E8500197E98 /* Assets.xcassets */ = {isa = PBXFileReference; lastKnownFileType = folder.assetcatalog; path = Assets.xcassets; sourceTree = "<group>"; };
		3BF627A61EB76E8500197E98 /* Base */ = {isa = PBXFileReference; lastKnownFileType = file.storyboard; name = Base; path = Base.lproj/LaunchScreen.storyboard; sourceTree = "<group>"; };
		3BF627A81EB76E8500197E98 /* Info.plist */ = {isa = PBXFileReference; lastKnownFileType = text.plist.xml; path = Info.plist; sourceTree = "<group>"; };
		3BF627AD1EB76E8500197E98 /* stackviewTests.xctest */ = {isa = PBXFileReference; explicitFileType = wrapper.cfbundle; includeInIndex = 0; path = stackviewTests.xctest; sourceTree = BUILT_PRODUCTS_DIR; };
		3BF627B11EB76E8500197E98 /* stackviewTests.swift */ = {isa = PBXFileReference; lastKnownFileType = sourcecode.swift; path = stackviewTests.swift; sourceTree = "<group>"; };
		3BF627B31EB76E8500197E98 /* Info.plist */ = {isa = PBXFileReference; lastKnownFileType = text.plist.xml; path = Info.plist; sourceTree = "<group>"; };
/* End PBXFileReference section */

/* Begin PBXFrameworksBuildPhase section */
		3BF627931EB76E8500197E98 /* Frameworks */ = {
			isa = PBXFrameworksBuildPhase;
			buildActionMask = 2147483647;
			files = (
			);
			runOnlyForDeploymentPostprocessing = 0;
		};
		3BF627AA1EB76E8500197E98 /* Frameworks */ = {
			isa = PBXFrameworksBuildPhase;
			buildActionMask = 2147483647;
			files = (
			);
			runOnlyForDeploymentPostprocessing = 0;
		};
/* End PBXFrameworksBuildPhase section */

/* Begin PBXGroup section */
		3BF6278D1EB76E8500197E98 = {
			isa = PBXGroup;
			children = (
				3BF627981EB76E8500197E98 /* stackview */,
				3BF627B01EB76E8500197E98 /* stackviewTests */,
				3BF627971EB76E8500197E98 /* Products */,
			);
			sourceTree = "<group>";
		};
		3BF627971EB76E8500197E98 /* Products */ = {
			isa = PBXGroup;
			children = (
				3BF627961EB76E8500197E98 /* stackview.app */,
				3BF627AD1EB76E8500197E98 /* stackviewTests.xctest */,
			);
			name = Products;
			sourceTree = "<group>";
		};
		3BF627981EB76E8500197E98 /* stackview */ = {
			isa = PBXGroup;
			children = (
				3BF627991EB76E8500197E98 /* AppDelegate.swift */,
				3BF6279B1EB76E8500197E98 /* ViewController.swift */,
				3BF6279D1EB76E8500197E98 /* Main.storyboard */,
				3BF627A31EB76E8500197E98 /* Assets.xcassets */,
				3BF627A51EB76E8500197E98 /* LaunchScreen.storyboard */,
				3BF627A81EB76E8500197E98 /* Info.plist */,
				3BF627A01EB76E8500197E98 /* stackview.xcdatamodeld */,
			);
			path = stackview;
			sourceTree = "<group>";
		};
		3BF627B01EB76E8500197E98 /* stackviewTests */ = {
			isa = PBXGroup;
			children = (
				3BF627B11EB76E8500197E98 /* stackviewTests.swift */,
				3BF627B31EB76E8500197E98 /* Info.plist */,
			);
			path = stackviewTests;
			sourceTree = "<group>";
		};
/* End PBXGroup section */

/* Begin PBXNativeTarget section */
		3BF627951EB76E8500197E98 /* stackview */ = {
			isa = PBXNativeTarget;
			buildConfigurationList = 3BF627B61EB76E8500197E98 /* Build configuration list for PBXNativeTarget "stackview" */;
			buildPhases = (
				3BF627921EB76E8500197E98 /* Sources */,
				3BF627931EB76E8500197E98 /* Frameworks */,
				3BF627941EB76E8500197E98 /* Resources */,
			);
			buildRules = (
			);
			dependencies = (
			);
			name = stackview;
			productName = stackview;
			productReference = 3BF627961EB76E8500197E98 /* stackview.app */;
			productType = "com.apple.product-type.application";
		};
		3BF627AC1EB76E8500197E98 /* stackviewTests */ = {
			isa = PBXNativeTarget;
			buildConfigurationList = 3BF627B91EB76E8500197E98 /* Build configuration list for PBXNativeTarget "stackviewTests" */;
			buildPhases = (
				3BF627A91EB76E8500197E98 /* Sources */,
				3BF627AA1EB76E8500197E98 /* Frameworks */,
				3BF627AB1EB76E8500197E98 /* Resources */,
			);
			buildRules = (
			);
			dependencies = (
				3BF627AF1EB76E8500197E98 /* PBXTargetDependency */,
			);
			name = stackviewTests;
			productName = stackviewTests;
			productReference = 3BF627AD1EB76E8500197E98 /* stackviewTests.xctest */;
			productType = "com.apple.product-type.bundle.unit-test";
		};
/* End PBXNativeTarget section */

/* Begin PBXProject section */
		3BF6278E1EB76E8500197E98 /* Project object */ = {
			isa = PBXProject;
			attributes = {
				LastSwiftUpdateCheck = 0830;
				LastUpgradeCheck = 0830;
				ORGANIZATIONNAME = "Javier Cabezas Leyton";
				TargetAttributes = {
					3BF627951EB76E8500197E98 = {
						CreatedOnToolsVersion = 8.3.2;
						DevelopmentTeam = D92NZJZA92;
						ProvisioningStyle = Automatic;
					};
					3BF627AC1EB76E8500197E98 = {
						CreatedOnToolsVersion = 8.3.2;
						DevelopmentTeam = D92NZJZA92;
						ProvisioningStyle = Automatic;
						TestTargetID = 3BF627951EB76E8500197E98;
					};
				};
			};
			buildConfigurationList = 3BF627911EB76E8500197E98 /* Build configuration list for PBXProject "stackview" */;
			compatibilityVersion = "Xcode 3.2";
			developmentRegion = English;
			hasScannedForEncodings = 0;
			knownRegions = (
				en,
				Base,
			);
			mainGroup = 3BF6278D1EB76E8500197E98;
			productRefGroup = 3BF627971EB76E8500197E98 /* Products */;
			projectDirPath = "";
			projectRoot = "";
			targets = (
				3BF627951EB76E8500197E98 /* stackview */,
				3BF627AC1EB76E8500197E98 /* stackviewTests */,
			);
		};
/* End PBXProject section */

/* Begin PBXResourcesBuildPhase section */
		3BF627941EB76E8500197E98 /* Resources */ = {
			isa = PBXResourcesBuildPhase;
			buildActionMask = 2147483647;
			files = (
				3BF627A71EB76E8500197E98 /* LaunchScreen.storyboard in Resources */,
				3BF627A41EB76E8500197E98 /* Assets.xcassets in Resources */,
				3BF6279F1EB76E8500197E98 /* Main.storyboard in Resources */,
			);
			runOnlyForDeploymentPostprocessing = 0;
		};
		3BF627AB1EB76E8500197E98 /* Resources */ = {
			isa = PBXResourcesBuildPhase;
			buildActionMask = 2147483647;
			files = (
			);
			runOnlyForDeploymentPostprocessing = 0;
		};
/* End PBXResourcesBuildPhase section */

/* Begin PBXSourcesBuildPhase section */
		3BF627921EB76E8500197E98 /* Sources */ = {
			isa = PBXSourcesBuildPhase;
			buildActionMask = 2147483647;
			files = (
				3BF627A21EB76E8500197E98 /* stackview.xcdatamodeld in Sources */,
				3BF6279C1EB76E8500197E98 /* ViewController.swift in Sources */,
				3BF6279A1EB76E8500197E98 /* AppDelegate.swift in Sources */,
			);
			runOnlyForDeploymentPostprocessing = 0;
		};
		3BF627A91EB76E8500197E98 /* Sources */ = {
			isa = PBXSourcesBuildPhase;
			buildActionMask = 2147483647;
			files = (
				3BF627B21EB76E8500197E98 /* stackviewTests.swift in Sources */,
			);
			runOnlyForDeploymentPostprocessing = 0;
		};
/* End PBXSourcesBuildPhase section */

/* Begin PBXTargetDependency section */
		3BF627AF1EB76E8500197E98 /* PBXTargetDependency */ = {
			isa = PBXTargetDependency;
			target = 3BF627951EB76E8500197E98 /* stackview */;
			targetProxy = 3BF627AE1EB76E8500197E98 /* PBXContainerItemProxy */;
		};
/* End PBXTargetDependency section */

/* Begin PBXVariantGroup section */
		3BF6279D1EB76E8500197E98 /* Main.storyboard */ = {
			isa = PBXVariantGroup;
			children = (
				3BF6279E1EB76E8500197E98 /* Base */,
			);
			name = Main.storyboard;
			sourceTree = "<group>";
		};
		3BF627A51EB76E8500197E98 /* LaunchScreen.storyboard */ = {
			isa = PBXVariantGroup;
			children = (
				3BF627A61EB76E8500197E98 /* Base */,
			);
			name = LaunchScreen.storyboard;
			sourceTree = "<group>";
		};
/* End PBXVariantGroup section */

/* Begin XCBuildConfiguration section */
		3BF627B41EB76E8500197E98 /* Debug */ = {
			isa = XCBuildConfiguration;
			buildSettings = {
				ALWAYS_SEARCH_USER_PATHS = NO;
				CLANG_ANALYZER_NONNULL = YES;
				CLANG_ANALYZER_NUMBER_OBJECT_CONVERSION = YES_AGGRESSIVE;
				CLANG_CXX_LANGUAGE_STANDARD = "gnu++0x";
				CLANG_CXX_LIBRARY = "libc++";
				CLANG_ENABLE_MODULES = YES;
				CLANG_ENABLE_OBJC_ARC = YES;
				CLANG_WARN_BOOL_CONVERSION = YES;
				CLANG_WARN_CONSTANT_CONVERSION = YES;
				CLANG_WARN_DIRECT_OBJC_ISA_USAGE = YES_ERROR;
				CLANG_WARN_DOCUMENTATION_COMMENTS = YES;
				CLANG_WARN_EMPTY_BODY = YES;
				CLANG_WARN_ENUM_CONVERSION = YES;
				CLANG_WARN_INFINITE_RECURSION = YES;
				CLANG_WARN_INT_CONVERSION = YES;
				CLANG_WARN_OBJC_ROOT_CLASS = YES_ERROR;
				CLANG_WARN_SUSPICIOUS_MOVE = YES;
				CLANG_WARN_UNREACHABLE_CODE = YES;
				CLANG_WARN__DUPLICATE_METHOD_MATCH = YES;
				"CODE_SIGN_IDENTITY[sdk=iphoneos*]" = "iPhone Developer";
				COPY_PHASE_STRIP = NO;
				DEBUG_INFORMATION_FORMAT = dwarf;
				ENABLE_STRICT_OBJC_MSGSEND = YES;
				ENABLE_TESTABILITY = YES;
				GCC_C_LANGUAGE_STANDARD = gnu99;
				GCC_DYNAMIC_NO_PIC = NO;
				GCC_NO_COMMON_BLOCKS = YES;
				GCC_OPTIMIZATION_LEVEL = 0;
				GCC_PREPROCESSOR_DEFINITIONS = (
					"DEBUG=1",
					"$(inherited)",
				);
				GCC_WARN_64_TO_32_BIT_CONVERSION = YES;
				GCC_WARN_ABOUT_RETURN_TYPE = YES_ERROR;
				GCC_WARN_UNDECLARED_SELECTOR = YES;
				GCC_WARN_UNINITIALIZED_AUTOS = YES_AGGRESSIVE;
				GCC_WARN_UNUSED_FUNCTION = YES;
				GCC_WARN_UNUSED_VARIABLE = YES;
				IPHONEOS_DEPLOYMENT_TARGET = 10.3;
				MTL_ENABLE_DEBUG_INFO = YES;
				ONLY_ACTIVE_ARCH = YES;
				SDKROOT = iphoneos;
				SWIFT_ACTIVE_COMPILATION_CONDITIONS = DEBUG;
				SWIFT_OPTIMIZATION_LEVEL = "-Onone";
				TARGETED_DEVICE_FAMILY = "1,2";
			};
			name = Debug;
		};
		3BF627B51EB76E8500197E98 /* Release */ = {
			isa = XCBuildConfiguration;
			buildSettings = {
				ALWAYS_SEARCH_USER_PATHS = NO;
				CLANG_ANALYZER_NONNULL = YES;
				CLANG_ANALYZER_NUMBER_OBJECT_CONVERSION = YES_AGGRESSIVE;
				CLANG_CXX_LANGUAGE_STANDARD = "gnu++0x";
				CLANG_CXX_LIBRARY = "libc++";
				CLANG_ENABLE_MODULES = YES;
				CLANG_ENABLE_OBJC_ARC = YES;
				CLANG_WARN_BOOL_CONVERSION = YES;
				CLANG_WARN_CONSTANT_CONVERSION = YES;
				CLANG_WARN_DIRECT_OBJC_ISA_USAGE = YES_ERROR;
				CLANG_WARN_DOCUMENTATION_COMMENTS = YES;
				CLANG_WARN_EMPTY_BODY = YES;
				CLANG_WARN_ENUM_CONVERSION = YES;
				CLANG_WARN_INFINITE_RECURSION = YES;
				CLANG_WARN_INT_CONVERSION = YES;
				CLANG_WARN_OBJC_ROOT_CLASS = YES_ERROR;
				CLANG_WARN_SUSPICIOUS_MOVE = YES;
				CLANG_WARN_UNREACHABLE_CODE = YES;
				CLANG_WARN__DUPLICATE_METHOD_MATCH = YES;
				"CODE_SIGN_IDENTITY[sdk=iphoneos*]" = "iPhone Developer";
				COPY_PHASE_STRIP = NO;
				DEBUG_INFORMATION_FORMAT = "dwarf-with-dsym";
				ENABLE_NS_ASSERTIONS = NO;
				ENABLE_STRICT_OBJC_MSGSEND = YES;
				GCC_C_LANGUAGE_STANDARD = gnu99;
				GCC_NO_COMMON_BLOCKS = YES;
				GCC_WARN_64_TO_32_BIT_CONVERSION = YES;
				GCC_WARN_ABOUT_RETURN_TYPE = YES_ERROR;
				GCC_WARN_UNDECLARED_SELECTOR = YES;
				GCC_WARN_UNINITIALIZED_AUTOS = YES_AGGRESSIVE;
				GCC_WARN_UNUSED_FUNCTION = YES;
				GCC_WARN_UNUSED_VARIABLE = YES;
				IPHONEOS_DEPLOYMENT_TARGET = 10.3;
				MTL_ENABLE_DEBUG_INFO = NO;
				SDKROOT = iphoneos;
				SWIFT_OPTIMIZATION_LEVEL = "-Owholemodule";
				TARGETED_DEVICE_FAMILY = "1,2";
				VALIDATE_PRODUCT = YES;
			};
			name = Release;
		};
		3BF627B71EB76E8500197E98 /* Debug */ = {
			isa = XCBuildConfiguration;
			buildSettings = {
				ASSETCATALOG_COMPILER_APPICON_NAME = AppIcon;
				DEVELOPMENT_TEAM = D92NZJZA92;
				INFOPLIST_FILE = stackview/Info.plist;
				LD_RUNPATH_SEARCH_PATHS = "$(inherited) @executable_path/Frameworks";
				PRODUCT_BUNDLE_IDENTIFIER = com.javiercabezas.stackview;
				PRODUCT_NAME = "$(TARGET_NAME)";
				SWIFT_VERSION = 3.0;
			};
			name = Debug;
		};
		3BF627B81EB76E8500197E98 /* Release */ = {
			isa = XCBuildConfiguration;
			buildSettings = {
				ASSETCATALOG_COMPILER_APPICON_NAME = AppIcon;
				DEVELOPMENT_TEAM = D92NZJZA92;
				INFOPLIST_FILE = stackview/Info.plist;
				LD_RUNPATH_SEARCH_PATHS = "$(inherited) @executable_path/Frameworks";
				PRODUCT_BUNDLE_IDENTIFIER = com.javiercabezas.stackview;
				PRODUCT_NAME = "$(TARGET_NAME)";
				SWIFT_VERSION = 3.0;
			};
			name = Release;
		};
		3BF627BA1EB76E8500197E98 /* Debug */ = {
			isa = XCBuildConfiguration;
			buildSettings = {
				ALWAYS_EMBED_SWIFT_STANDARD_LIBRARIES = YES;
				BUNDLE_LOADER = "$(TEST_HOST)";
				DEVELOPMENT_TEAM = D92NZJZA92;
				INFOPLIST_FILE = stackviewTests/Info.plist;
				LD_RUNPATH_SEARCH_PATHS = "$(inherited) @executable_path/Frameworks @loader_path/Frameworks";
				PRODUCT_BUNDLE_IDENTIFIER = com.javiercabezas.stackviewTests;
				PRODUCT_NAME = "$(TARGET_NAME)";
				SWIFT_VERSION = 3.0;
				TEST_HOST = "$(BUILT_PRODUCTS_DIR)/stackview.app/stackview";
			};
			name = Debug;
		};
		3BF627BB1EB76E8500197E98 /* Release */ = {
			isa = XCBuildConfiguration;
			buildSettings = {
				ALWAYS_EMBED_SWIFT_STANDARD_LIBRARIES = YES;
				BUNDLE_LOADER = "$(TEST_HOST)";
				DEVELOPMENT_TEAM = D92NZJZA92;
				INFOPLIST_FILE = stackviewTests/Info.plist;
				LD_RUNPATH_SEARCH_PATHS = "$(inherited) @executable_path/Frameworks @loader_path/Frameworks";
				PRODUCT_BUNDLE_IDENTIFIER = com.javiercabezas.stackviewTests;
				PRODUCT_NAME = "$(TARGET_NAME)";
				SWIFT_VERSION = 3.0;
				TEST_HOST = "$(BUILT_PRODUCTS_DIR)/stackview.app/stackview";
			};
			name = Release;
		};
/* End XCBuildConfiguration section */

/* Begin XCConfigurationList section */
		3BF627911EB76E8500197E98 /* Build configuration list for PBXProject "stackview" */ = {
			isa = XCConfigurationList;
			buildConfigurations = (
				3BF627B41EB76E8500197E98 /* Debug */,
				3BF627B51EB76E8500197E98 /* Release */,
			);
			defaultConfigurationIsVisible = 0;
			defaultConfigurationName = Release;
		};
		3BF627B61EB76E8500197E98 /* Build configuration list for PBXNativeTarget "stackview" */ = {
			isa = XCConfigurationList;
			buildConfigurations = (
				3BF627B71EB76E8500197E98 /* Debug */,
				3BF627B81EB76E8500197E98 /* Release */,
			);
			defaultConfigurationIsVisible = 0;
		};
		3BF627B91EB76E8500197E98 /* Build configuration list for PBXNativeTarget "stackviewTests" */ = {
			isa = XCConfigurationList;
			buildConfigurations = (
				3BF627BA1EB76E8500197E98 /* Debug */,
				3BF627BB1EB76E8500197E98 /* Release */,
			);
			defaultConfigurationIsVisible = 0;
		};
/* End XCConfigurationList section */

/* Begin XCVersionGroup section */
		3BF627A01EB76E8500197E98 /* stackview.xcdatamodeld */ = {
			isa = XCVersionGroup;
			children = (
				3BF627A11EB76E8500197E98 /* stackview.xcdatamodel */,
			);
			currentVersion = 3BF627A11EB76E8500197E98 /* stackview.xcdatamodel */;
			path = stackview.xcdatamodeld;
			sourceTree = "<group>";
			versionGroupType = wrapper.xcdatamodel;
		};
/* End XCVersionGroup section */
	};
	rootObject = 3BF6278E1EB76E8500197E98 /* Project object */;
}
